<?xml version="1.0" encoding="utf-8"?>
<Project ToolsVersion="4.0" xmlns="http://schemas.microsoft.com/developer/msbuild/2003">
  <ItemGroup>
    <Filter Include="源文件">
      <UniqueIdentifier>{4FC737F1-C7A5-4376-A066-2A32D752A2FF}</UniqueIdentifier>
      <Extensions>cpp;c;cc;cxx;c++;cppm;ixx;def;odl;idl;hpj;bat;asm;asmx</Extensions>
    </Filter>
    <Filter Include="头文件">
      <UniqueIdentifier>{93995380-89BD-4b04-88EB-625FBE52EBFB}</UniqueIdentifier>
      <Extensions>h;hh;hpp;hxx;h++;hm;inl;inc;ipp;xsd</Extensions>
    </Filter>
    <Filter Include="资源文件">
      <UniqueIdentifier>{67DA6AB6-F800-4c08-8B7A-83BB121AAD01}</UniqueIdentifier>
      <Extensions>rc;ico;cur;bmp;dlg;rc2;rct;bin;rgs;gif;jpg;jpeg;jpe;resx;tiff;tif;png;wav;mfcribbon-ms</Extensions>
    </Filter>
    <Filter Include="Shaders">
      <UniqueIdentifier>{a63e50c3-2c58-49ee-b71e-0bff48934325}</UniqueIdentifier>
    </Filter>
    <Filter Include="Scenes">
      <UniqueIdentifier>{4ee177f4-e681-40d7-a61a-5f85b3199123}</UniqueIdentifier>
    </Filter>
  </ItemGroup>
  <ItemGroup>
    <ClCompile Include="main.cpp">
      <Filter>源文件</Filter>
    </ClCompile>
    <ClCompile Include="glad.c">
      <Filter>源文件</Filter>
    </ClCompile>
    <ClCompile Include="Window.cpp">
      <Filter>源文件</Filter>
    </ClCompile>
    <ClCompile Include="Application.cpp">
      <Filter>源文件</Filter>
    </ClCompile>
    <ClCompile Include="Mesh.cpp">
      <Filter>源文件</Filter>
    </ClCompile>
    <ClCompile Include="Model.cpp">
      <Filter>源文件</Filter>
    </ClCompile>
    <ClCompile Include="Material.cpp">
      <Filter>源文件</Filter>
    </ClCompile>
    <ClCompile Include="Texture2D.cpp">
      <Filter>源文件</Filter>
    </ClCompile>
    <ClCompile Include="FrameBuffer.cpp">
      <Filter>源文件</Filter>
    </ClCompile>
    <ClCompile Include="DepthBuffer.cpp">
      <Filter>源文件</Filter>
    </ClCompile>
    <ClCompile Include="Image.cpp">
      <Filter>源文件</Filter>
    </ClCompile>
    <ClCompile Include="SceneContext.cpp">
      <Filter>源文件</Filter>
    </ClCompile>
    <ClCompile Include="GLShader.cpp">
      <Filter>源文件</Filter>
    </ClCompile>
    <ClCompile Include="OrbitCamera.cpp">
      <Filter>源文件</Filter>
    </ClCompile>
    <ClCompile Include="Timer.cpp">
      <Filter>源文件</Filter>
    </ClCompile>
    <ClCompile Include="VertexShaderMatHelper.cpp">
      <Filter>Shaders</Filter>
    </ClCompile>
    <ClCompile Include="CubeScene.cpp">
      <Filter>Scenes</Filter>
    </ClCompile>
    <ClCompile Include="DirectionalLight.cpp">
      <Filter>源文件</Filter>
    </ClCompile>
    <ClCompile Include="stb_image_write.h">
      <Filter>源文件</Filter>
    </ClCompile>
    <ClCompile Include="PCSSScene.cpp">
      <Filter>Scenes</Filter>
    </ClCompile>
  </ItemGroup>
  <ItemGroup>
    <ClInclude Include="Window.h">
      <Filter>头文件</Filter>
    </ClInclude>
    <ClInclude Include="Application.h">
      <Filter>头文件</Filter>
    </ClInclude>
    <ClInclude Include="Mesh.h">
      <Filter>头文件</Filter>
    </ClInclude>
    <ClInclude Include="Model.h">
      <Filter>头文件</Filter>
    </ClInclude>
    <ClInclude Include="Material.h">
      <Filter>头文件</Filter>
    </ClInclude>
    <ClInclude Include="Buffer.h">
      <Filter>头文件</Filter>
    </ClInclude>
    <ClInclude Include="Texture2D.h">
      <Filter>头文件</Filter>
    </ClInclude>
    <ClInclude Include="FrameBuffer.h">
      <Filter>头文件</Filter>
    </ClInclude>
    <ClInclude Include="DepthBuffer.h">
      <Filter>头文件</Filter>
    </ClInclude>
    <ClInclude Include="Image.h">
      <Filter>头文件</Filter>
    </ClInclude>
    <ClInclude Include="SceneContext.h">
      <Filter>头文件</Filter>
    </ClInclude>
    <ClInclude Include="Vertex.h">
      <Filter>头文件</Filter>
    </ClInclude>
    <ClInclude Include="stb_image.h">
      <Filter>源文件</Filter>
    </ClInclude>
    <ClInclude Include="GLShader.h">
      <Filter>头文件</Filter>
    </ClInclude>
    <ClInclude Include="OrbitCamera.h">
      <Filter>头文件</Filter>
    </ClInclude>
    <ClInclude Include="Timer.h">
      <Filter>头文件</Filter>
    </ClInclude>
    <ClInclude Include="Pipeline.h">
      <Filter>头文件</Filter>
    </ClInclude>
    <ClInclude Include="DiffuseShader.hpp">
      <Filter>Shaders</Filter>
    </ClInclude>
    <ClInclude Include="VertexShaderMatHelper.h">
      <Filter>Shaders</Filter>
    </ClInclude>
    <ClInclude Include="NormalShader.hpp">
      <Filter>Shaders</Filter>
    </ClInclude>
    <ClInclude Include="SceneBase.h">
      <Filter>Scenes</Filter>
    </ClInclude>
    <ClInclude Include="CubeScene.h">
      <Filter>Scenes</Filter>
    </ClInclude>
    <ClInclude Include="PipelineConfig.h">
      <Filter>头文件</Filter>
    </ClInclude>
    <ClInclude Include="PhongShader.hpp">
      <Filter>Shaders</Filter>
    </ClInclude>
    <ClInclude Include="DirectionalLight.h">
      <Filter>头文件</Filter>
    </ClInclude>
    <ClInclude Include="LightShader.hpp">
      <Filter>Shaders</Filter>
    </ClInclude>
    <ClInclude Include="ShadowShader.hpp">
      <Filter>Shaders</Filter>
    </ClInclude>
    <ClInclude Include="PhongWithShadow.hpp">
      <Filter>Shaders</Filter>
    </ClInclude>
    <ClInclude Include="PCSS.hpp">
      <Filter>Shaders</Filter>
    </ClInclude>
    <ClInclude Include="PCSSScene.h">
      <Filter>Scenes</Filter>
    </ClInclude>
  </ItemGroup>
  <ItemGroup>
    <None Include="Buffer.inl">
      <Filter>头文件</Filter>
    </None>
    <None Include="Pipeline.inl">
      <Filter>头文件</Filter>
    </None>
    <None Include=".gitignore" />
  </ItemGroup>
</Project>